
Microsoft Visual Studio Solution File, Format Version 12.00
# Visual Studio 15
VisualStudioVersion = 15.0.28010.2041
MinimumVisualStudioVersion = 10.0.40219.1
Project("{FAE04EC0-301F-11D3-BF4B-00C04F79EFBC}") = "ProjektButik", "ProjektButik\ProjektButik.csproj", "{993596FD-ECCE-481F-8190-19789689D7FB}"
EndProject
Global
	GlobalSection(SolutionConfigurationPlatforms) = preSolution
		Debug|Any CPU = Debug|Any CPU
		Release|Any CPU = Release|Any CPU
	EndGlobalSection
	GlobalSection(ProjectConfigurationPlatforms) = postSolution
		{993596FD-ECCE-481F-8190-19789689D7FB}.Debug|Any CPU.ActiveCfg = Debug|Any CPU
		{993596FD-ECCE-481F-8190-19789689D7FB}.Debug|Any CPU.Build.0 = Debug|Any CPU
		{993596FD-ECCE-481F-8190-19789689D7FB}.Release|Any CPU.ActiveCfg = Release|Any CPU
		{993596FD-ECCE-481F-8190-19789689D7FB}.Release|Any CPU.Build.0 = Release|Any CPU
	EndGlobalSection
	GlobalSection(SolutionProperties) = preSolution
		HideSolutionNode = FALSE
	EndGlobalSection
	GlobalSection(ExtensibilityGlobals) = postSolution
		SolutionGuid = {D3C56A38-35FA-4FBE-88C1-CC9DFFFA4AE2}
	EndGlobalSection
EndGlobal
